<Solution>
  <Configurations>
    <Platform Name="x64" />
    <Platform Name="ARM64" />
    <Platform Name="AnyCPU" />
  </Configurations>
  <Project Path="Src/App/LocalWinAI.csproj">
    <Platform Solution="*|ARM64" Project="ARM64" />
    <Platform Solution="*|x64" Project="x64" />
    <Deploy />
  </Project>
  <Project Path="Src/LocalWinAI.Application/LocalWinAI.Application.csproj" />
  <Project Path="Src/LocalWinAI.Domain/LocalWinAI.Domain.csproj" />
  <Project Path="Src/LocalWinAI.Infrastructure/LocalWinAI.Infrastructure.csproj">
    <Platform Solution="Debug|x64" Project="x64" />
  </Project>
  <Project Path="Src/LocalWinAI.Mcp/LocalWinAI.Mcp.csproj" />

  <Project Path="Src/LocalWinAI.McpHost/LocalWinAI.McpHost.csproj" Id="5d7add6a-af2e-4ec7-99d8-ea0d9c915401">
    <Platform Solution="Debug|x64" Project="x64" />
  </Project>
  <Project Path="Src/LocalWinAI.Tests/LocalWinAI.Tests.csproj" />
</Solution>
